
Microsoft Visual Studio Solution File, Format Version 12.00
# Visual Studio Version 16
VisualStudioVersion = 16.0.32106.194
MinimumVisualStudioVersion = 10.0.40219.1
Project("{FAE04EC0-301F-11D3-BF4B-00C04F79EFBC}") = "task3", "task3\task3.csproj", "{C5F6307F-373B-4433-B65E-21D27AC5D598}"
EndProject
Global
	GlobalSection(SolutionConfigurationPlatforms) = preSolution
		Debug|Any CPU = Debug|Any CPU
		Release|Any CPU = Release|Any CPU
	EndGlobalSection
	GlobalSection(ProjectConfigurationPlatforms) = postSolution
		{C5F6307F-373B-4433-B65E-21D27AC5D598}.Debug|Any CPU.ActiveCfg = Debug|Any CPU
		{C5F6307F-373B-4433-B65E-21D27AC5D598}.Debug|Any CPU.Build.0 = Debug|Any CPU
		{C5F6307F-373B-4433-B65E-21D27AC5D598}.Release|Any CPU.ActiveCfg = Release|Any CPU
		{C5F6307F-373B-4433-B65E-21D27AC5D598}.Release|Any CPU.Build.0 = Release|Any CPU
	EndGlobalSection
	GlobalSection(SolutionProperties) = preSolution
		HideSolutionNode = FALSE
	EndGlobalSection
	GlobalSection(ExtensibilityGlobals) = postSolution
		SolutionGuid = {5BE02171-1996-4206-AD65-9959E2A95409}
	EndGlobalSection
EndGlobal
