
Microsoft Visual Studio Solution File, Format Version 12.00
# Visual Studio Version 16
VisualStudioVersion = 16.0.32106.194
MinimumVisualStudioVersion = 10.0.40219.1
Project("{FAE04EC0-301F-11D3-BF4B-00C04F79EFBC}") = "task2", "task2\task2.csproj", "{CD4C03CE-4402-4C3B-817B-90BF8845A638}"
EndProject
Global
	GlobalSection(SolutionConfigurationPlatforms) = preSolution
		Debug|Any CPU = Debug|Any CPU
		Release|Any CPU = Release|Any CPU
	EndGlobalSection
	GlobalSection(ProjectConfigurationPlatforms) = postSolution
		{CD4C03CE-4402-4C3B-817B-90BF8845A638}.Debug|Any CPU.ActiveCfg = Debug|Any CPU
		{CD4C03CE-4402-4C3B-817B-90BF8845A638}.Debug|Any CPU.Build.0 = Debug|Any CPU
		{CD4C03CE-4402-4C3B-817B-90BF8845A638}.Release|Any CPU.ActiveCfg = Release|Any CPU
		{CD4C03CE-4402-4C3B-817B-90BF8845A638}.Release|Any CPU.Build.0 = Release|Any CPU
	EndGlobalSection
	GlobalSection(SolutionProperties) = preSolution
		HideSolutionNode = FALSE
	EndGlobalSection
	GlobalSection(ExtensibilityGlobals) = postSolution
		SolutionGuid = {6E926F48-0911-4270-B22D-3D9FCD5B6D05}
	EndGlobalSection
EndGlobal
